
Microsoft Visual Studio Solution File, Format Version 12.00
# Visual Studio Version 16
VisualStudioVersion = 16.0.30413.136
MinimumVisualStudioVersion = 10.0.40219.1
Project("{9A19103F-16F7-4668-BE54-9A1E7A4F7556}") = "DialogRootBot", "DialogRootBot.csproj", "{2D227BD0-FE70-49BB-9007-ADA84B0198DC}"
EndProject
Global
	GlobalSection(SolutionConfigurationPlatforms) = preSolution
		Debug|Any CPU = Debug|Any CPU
		Release|Any CPU = Release|Any CPU
	EndGlobalSection
	GlobalSection(ProjectConfigurationPlatforms) = postSolution
		{2D227BD0-FE70-49BB-9007-ADA84B0198DC}.Debug|Any CPU.ActiveCfg = Debug|Any CPU
		{2D227BD0-FE70-49BB-9007-ADA84B0198DC}.Debug|Any CPU.Build.0 = Debug|Any CPU
		{2D227BD0-FE70-49BB-9007-ADA84B0198DC}.Release|Any CPU.ActiveCfg = Release|Any CPU
		{2D227BD0-FE70-49BB-9007-ADA84B0198DC}.Release|Any CPU.Build.0 = Release|Any CPU
	EndGlobalSection
	GlobalSection(SolutionProperties) = preSolution
		HideSolutionNode = FALSE
	EndGlobalSection
	GlobalSection(ExtensibilityGlobals) = postSolution
		SolutionGuid = {1E5023C0-454A-4DE6-83DB-8FCDDD311D6A}
	EndGlobalSection
EndGlobal
